{
  "name": "learn_words",
  "lockfileVersion": 3,
  "requires": true,
  "packages": {
    "": {
      "dependencies": {
        "@girs/gtk-3.0": "^3.24.38-3.2.0",
        "typescript": "^5.8.3"
      }
    },
    "node_modules/@girs/atk-1.0": {
      "version": "2.48.3-3.2.0",
      "resolved": "https://registry.npmjs.org/@girs/atk-1.0/-/atk-1.0-2.48.3-3.2.0.tgz",
      "integrity": "sha512-qdjfpcPPWiLrnRIJIcYwUorukrAE+YRT4NI29Vj5fY3dXcuZ3W6PJ0fpkdmLJwidiGOUZ/GvXP2FWhXISP0gPw==",
      "dependencies": {
        "@girs/gjs": "^3.2.0",
        "@girs/glib-2.0": "^2.76.1-3.2.0",
        "@girs/gobject-2.0": "^2.76.1-3.2.0"
      }
    },
    "node_modules/@girs/cairo-1.0": {
      "version": "1.0.0-3.2.0",
      "resolved": "https://registry.npmjs.org/@girs/cairo-1.0/-/cairo-1.0-1.0.0-3.2.0.tgz",
      "integrity": "sha512-ELFYXfA98I3a1nGeIVKMF2q33q9021qpWQ63pchXbtts4henDBw+NntLY/xSv9ufMmuBUUnn6/597kkOdSMecw==",
      "dependencies": {
        "@girs/gjs": "^3.2.0",
        "@girs/gobject-2.0": "^2.76.1-3.2.0"
      }
    },
    "node_modules/@girs/freetype2-2.0": {
      "version": "2.0.0-3.2.0",
      "resolved": "https://registry.npmjs.org/@girs/freetype2-2.0/-/freetype2-2.0-2.0.0-3.2.0.tgz",
      "integrity": "sha512-Z9Reb8i1u99TsAKFXhpy1t9HBsvUKc/WiPakBfABK9F5EUZEjTGvNuv5mDyGNH3hN/qdQ60b8w7ouOBFVqwtqA==",
      "dependencies": {
        "@girs/gjs": "^3.2.0",
        "@girs/gobject-2.0": "^2.76.1-3.2.0"
      }
    },
    "node_modules/@girs/gdk-3.0": {
      "version": "3.24.38-3.2.0",
      "resolved": "https://registry.npmjs.org/@girs/gdk-3.0/-/gdk-3.0-3.24.38-3.2.0.tgz",
      "integrity": "sha512-X8XbiwStanSnRHjJKBdMtR75x44Jv5ni1ZABsTwn9DLmg04QPAVh6HNVALvGeaiPA2B28bICnYmM2pYfTffRTA==",
      "dependencies": {
        "@girs/cairo-1.0": "^1.0.0-3.2.0",
        "@girs/freetype2-2.0": "^2.0.0-3.2.0",
        "@girs/gdkpixbuf-2.0": "^2.0.0-3.2.0",
        "@girs/gio-2.0": "^2.76.1-3.2.0",
        "@girs/gjs": "^3.2.0",
        "@girs/glib-2.0": "^2.76.1-3.2.0",
        "@girs/gmodule-2.0": "^2.0.0-3.2.0",
        "@girs/gobject-2.0": "^2.76.1-3.2.0",
        "@girs/harfbuzz-0.0": "^7.1.0-3.2.0",
        "@girs/pango-1.0": "^1.50.14-3.2.0"
      }
    },
    "node_modules/@girs/gdkpixbuf-2.0": {
      "version": "2.0.0-3.2.0",
      "resolved": "https://registry.npmjs.org/@girs/gdkpixbuf-2.0/-/gdkpixbuf-2.0-2.0.0-3.2.0.tgz",
      "integrity": "sha512-g2iB0j8yucONiD0esyam4UiWXpaz2gDny9bxaS2CZJLAOxVZaOAqtzOlHMntAIxWBeZR62pV0NYpSAB/QS9JBg==",
      "dependencies": {
        "@girs/gio-2.0": "^2.76.1-3.2.0",
        "@girs/gjs": "^3.2.0",
        "@girs/glib-2.0": "^2.76.1-3.2.0",
        "@girs/gmodule-2.0": "^2.0.0-3.2.0",
        "@girs/gobject-2.0": "^2.76.1-3.2.0"
      }
    },
    "node_modules/@girs/gio-2.0": {
      "version": "2.76.1-3.2.0",
      "resolved": "https://registry.npmjs.org/@girs/gio-2.0/-/gio-2.0-2.76.1-3.2.0.tgz",
      "integrity": "sha512-ju9T+p+egfc2b5Wr3+bgNUkBuUryxyKlKR5goClcC0poYakQPoXAH3J3G8Z5/3IY2WEUB696AB1ksluBPtLm/g==",
      "dependencies": {
        "@girs/gjs": "^3.2.0",
        "@girs/glib-2.0": "^2.76.1-3.2.0",
        "@girs/gobject-2.0": "^2.76.1-3.2.0"
      }
    },
    "node_modules/@girs/gjs": {
      "version": "3.2.0",
      "resolved": "https://registry.npmjs.org/@girs/gjs/-/gjs-3.2.0.tgz",
      "integrity": "sha512-pJkTPMVsq731Rg/gNfo2nLX4aI0NB43uZAy1H/14h6AKchgV3XonDX66AgsupBmteeFNmK2ABv0y86PLGtyPvw==",
      "dependencies": {
        "@girs/glib-2.0": "^2.76.1-3.2.0",
        "@girs/gobject-2.0": "^2.76.1-3.2.0"
      }
    },
    "node_modules/@girs/glib-2.0": {
      "version": "2.76.1-3.2.0",
      "resolved": "https://registry.npmjs.org/@girs/glib-2.0/-/glib-2.0-2.76.1-3.2.0.tgz",
      "integrity": "sha512-q8IcFqCKyguMYv0Skv1XwwRjj1jfx4seFz3TI+Cqf1I/AoLdmI85W1HvwZh9/BZlYyfnheq+YLC87qNOXDX5Dw==",
      "dependencies": {
        "@girs/gjs": "^3.2.0",
        "@girs/gobject-2.0": "^2.76.1-3.2.0"
      }
    },
    "node_modules/@girs/gmodule-2.0": {
      "version": "2.0.0-3.2.0",
      "resolved": "https://registry.npmjs.org/@girs/gmodule-2.0/-/gmodule-2.0-2.0.0-3.2.0.tgz",
      "integrity": "sha512-R2douhM6bFJdV2MPVU9lP+ieD8duzR0Exx2z6BsmuJ5a4GCFtdVcwNSoVnmKOISzWMz0z2akCVnVVwxeK7zR+w==",
      "dependencies": {
        "@girs/gjs": "^3.2.0",
        "@girs/glib-2.0": "^2.76.1-3.2.0",
        "@girs/gobject-2.0": "^2.76.1-3.2.0"
      }
    },
    "node_modules/@girs/gobject-2.0": {
      "version": "2.76.1-3.2.0",
      "resolved": "https://registry.npmjs.org/@girs/gobject-2.0/-/gobject-2.0-2.76.1-3.2.0.tgz",
      "integrity": "sha512-LLdTaflO7sEprtpQiPoGMy7CnuotpGO7pacbP5wv3cDs4zan9QBO18p2qrVAlt/kxvbOe5V3lOgr1fEg/5TXjQ==",
      "dependencies": {
        "@girs/gjs": "^3.2.0",
        "@girs/glib-2.0": "^2.76.1-3.2.0"
      }
    },
    "node_modules/@girs/gtk-3.0": {
      "version": "3.24.38-3.2.0",
      "resolved": "https://registry.npmjs.org/@girs/gtk-3.0/-/gtk-3.0-3.24.38-3.2.0.tgz",
      "integrity": "sha512-ls7eV2usM8asZOg8Ipzzk8mBx37bdlcu0qS8+vsikZeaqF/4CnvyJiMKwDdSIHH4zOyjlDNtB6+SRcAYxJMN+A==",
      "dependencies": {
        "@girs/atk-1.0": "^2.48.3-3.2.0",
        "@girs/cairo-1.0": "^1.0.0-3.2.0",
        "@girs/freetype2-2.0": "^2.0.0-3.2.0",
        "@girs/gdk-3.0": "^3.24.38-3.2.0",
        "@girs/gdkpixbuf-2.0": "^2.0.0-3.2.0",
        "@girs/gio-2.0": "^2.76.1-3.2.0",
        "@girs/gjs": "^3.2.0",
        "@girs/glib-2.0": "^2.76.1-3.2.0",
        "@girs/gmodule-2.0": "^2.0.0-3.2.0",
        "@girs/gobject-2.0": "^2.76.1-3.2.0",
        "@girs/harfbuzz-0.0": "^7.1.0-3.2.0",
        "@girs/pango-1.0": "^1.50.14-3.2.0",
        "@girs/xlib-2.0": "^2.0.0-3.2.0"
      }
    },
    "node_modules/@girs/harfbuzz-0.0": {
      "version": "7.1.0-3.2.0",
      "resolved": "https://registry.npmjs.org/@girs/harfbuzz-0.0/-/harfbuzz-0.0-7.1.0-3.2.0.tgz",
      "integrity": "sha512-GiCFW+rSifwZj5/l3sQi0HIdEzbA/fGMB7dQf2nqPyM1lxdsg1FMcdxYlOvFuwnqXX2rHXbqToVEm2+gVCX/qA==",
      "dependencies": {
        "@girs/freetype2-2.0": "^2.0.0-3.2.0",
        "@girs/gjs": "^3.2.0",
        "@girs/glib-2.0": "^2.76.1-3.2.0",
        "@girs/gobject-2.0": "^2.76.1-3.2.0"
      }
    },
    "node_modules/@girs/pango-1.0": {
      "version": "1.50.14-3.2.0",
      "resolved": "https://registry.npmjs.org/@girs/pango-1.0/-/pango-1.0-1.50.14-3.2.0.tgz",
      "integrity": "sha512-3b7Tf0dF3mzM9Z/YINMU3P3/vdde0HgfoofCE18jZgC/pPj5GuBbq+m29JUDTf2iqq8GZVIzLH0elzazDZWozg==",
      "dependencies": {
        "@girs/cairo-1.0": "^1.0.0-3.2.0",
        "@girs/freetype2-2.0": "^2.0.0-3.2.0",
        "@girs/gio-2.0": "^2.76.1-3.2.0",
        "@girs/gjs": "^3.2.0",
        "@girs/glib-2.0": "^2.76.1-3.2.0",
        "@girs/gobject-2.0": "^2.76.1-3.2.0",
        "@girs/harfbuzz-0.0": "^7.1.0-3.2.0"
      }
    },
    "node_modules/@girs/xlib-2.0": {
      "version": "2.0.0-3.2.0",
      "resolved": "https://registry.npmjs.org/@girs/xlib-2.0/-/xlib-2.0-2.0.0-3.2.0.tgz",
      "integrity": "sha512-8k69DdQ6mMT4fqDdZGi3UN+P/ZXclq/lwgwjQv3hJKjxQSa4oBLdSEVCNvl2fwNs9s+D0ierTxzpV6Z+n3nOvw==",
      "dependencies": {
        "@girs/gjs": "^3.2.0",
        "@girs/gobject-2.0": "^2.76.1-3.2.0"
      }
    },
    "node_modules/typescript": {
      "version": "5.8.3",
      "resolved": "https://registry.npmjs.org/typescript/-/typescript-5.8.3.tgz",
      "integrity": "sha512-p1diW6TqL9L07nNxvRMM7hMMw4c5XOo/1ibL4aAIGmSAt9slTE1Xgw5KWuof2uTOvCg9BY7ZRi+GaF+7sfgPeQ==",
      "license": "Apache-2.0",
      "bin": {
        "tsc": "bin/tsc",
        "tsserver": "bin/tsserver"
      },
      "engines": {
        "node": ">=14.17"
      }
    }
  }
}
